// !$*UTF8*$!
{
	archiveVersion = 1;
	classes = {
	};
	objectVersion = 46;
	objects = {

/* Begin PBXBuildFile section */
		6747FE821D9CDB16007AF16A /* main.cpp in Sources */ = {isa = PBXBuildFile; fileRef = 6747FE811D9CDB16007AF16A /* main.cpp */; };
		6747FE8A1D9CDB3B007AF16A /* Tree.cpp in Sources */ = {isa = PBXBuildFile; fileRef = 6747FE881D9CDB3B007AF16A /* Tree.cpp */; };
		6747FE8D1D9CE224007AF16A /* Node.cpp in Sources */ = {isa = PBXBuildFile; fileRef = 6747FE8B1D9CE224007AF16A /* Node.cpp */; };
/* End PBXBuildFile section */

/* Begin PBXCopyFilesBuildPhase section */
		6747FE7C1D9CDB16007AF16A /* CopyFiles */ = {
			isa = PBXCopyFilesBuildPhase;
			buildActionMask = 2147483647;
			dstPath = /usr/share/man/man1/;
			dstSubfolderSpec = 0;
			files = (
			);
			runOnlyForDeploymentPostprocessing = 1;
		};
/* End PBXCopyFilesBuildPhase section */

/* Begin PBXFileReference section */
		6747FE7E1D9CDB16007AF16A /* LinkTree */ = {isa = PBXFileReference; explicitFileType = "compiled.mach-o.executable"; includeInIndex = 0; path = LinkTree; sourceTree = BUILT_PRODUCTS_DIR; };
		6747FE811D9CDB16007AF16A /* main.cpp */ = {isa = PBXFileReference; lastKnownFileType = sourcecode.cpp.cpp; path = main.cpp; sourceTree = "<group>"; };
		6747FE881D9CDB3B007AF16A /* Tree.cpp */ = {isa = PBXFileReference; fileEncoding = 4; lastKnownFileType = sourcecode.cpp.cpp; path = Tree.cpp; sourceTree = "<group>"; };
		6747FE891D9CDB3B007AF16A /* Tree.hpp */ = {isa = PBXFileReference; fileEncoding = 4; lastKnownFileType = sourcecode.cpp.h; path = Tree.hpp; sourceTree = "<group>"; };
		6747FE8B1D9CE224007AF16A /* Node.cpp */ = {isa = PBXFileReference; fileEncoding = 4; lastKnownFileType = sourcecode.cpp.cpp; path = Node.cpp; sourceTree = "<group>"; };
		6747FE8C1D9CE224007AF16A /* Node.hpp */ = {isa = PBXFileReference; fileEncoding = 4; lastKnownFileType = sourcecode.cpp.h; path = Node.hpp; sourceTree = "<group>"; };
/* End PBXFileReference section */

/* Begin PBXFrameworksBuildPhase section */
		6747FE7B1D9CDB16007AF16A /* Frameworks */ = {
			isa = PBXFrameworksBuildPhase;
			buildActionMask = 2147483647;
			files = (
			);
			runOnlyForDeploymentPostprocessing = 0;
		};
/* End PBXFrameworksBuildPhase section */

/* Begin PBXGroup section */
		6747FE751D9CDB16007AF16A = {
			isa = PBXGroup;
			children = (
				6747FE801D9CDB16007AF16A /* LinkTree */,
				6747FE7F1D9CDB16007AF16A /* Products */,
			);
			sourceTree = "<group>";
		};
		6747FE7F1D9CDB16007AF16A /* Products */ = {
			isa = PBXGroup;
			children = (
				6747FE7E1D9CDB16007AF16A /* LinkTree */,
			);
			name = Products;
			sourceTree = "<group>";
		};
		6747FE801D9CDB16007AF16A /* LinkTree */ = {
			isa = PBXGroup;
			children = (
				6747FE811D9CDB16007AF16A /* main.cpp */,
				6747FE881D9CDB3B007AF16A /* Tree.cpp */,
				6747FE891D9CDB3B007AF16A /* Tree.hpp */,
				6747FE8B1D9CE224007AF16A /* Node.cpp */,
				6747FE8C1D9CE224007AF16A /* Node.hpp */,
			);
			path = LinkTree;
			sourceTree = "<group>";
		};
/* End PBXGroup section */

/* Begin PBXNativeTarget section */
		6747FE7D1D9CDB16007AF16A /* LinkTree */ = {
			isa = PBXNativeTarget;
			buildConfigurationList = 6747FE851D9CDB16007AF16A /* Build configuration list for PBXNativeTarget "LinkTree" */;
			buildPhases = (
				6747FE7A1D9CDB16007AF16A /* Sources */,
				6747FE7B1D9CDB16007AF16A /* Frameworks */,
				6747FE7C1D9CDB16007AF16A /* CopyFiles */,
			);
			buildRules = (
			);
			dependencies = (
			);
			name = LinkTree;
			productName = LinkTree;
			productReference = 6747FE7E1D9CDB16007AF16A /* LinkTree */;
			productType = "com.apple.product-type.tool";
		};
/* End PBXNativeTarget section */

/* Begin PBXProject section */
		6747FE761D9CDB16007AF16A /* Project object */ = {
			isa = PBXProject;
			attributes = {
				LastUpgradeCheck = 0730;
				ORGANIZATIONNAME = kinwei;
				TargetAttributes = {
					6747FE7D1D9CDB16007AF16A = {
						CreatedOnToolsVersion = 7.3.1;
					};
				};
			};
			buildConfigurationList = 6747FE791D9CDB16007AF16A /* Build configuration list for PBXProject "LinkTree" */;
			compatibilityVersion = "Xcode 3.2";
			developmentRegion = English;
			hasScannedForEncodings = 0;
			knownRegions = (
				en,
			);
			mainGroup = 6747FE751D9CDB16007AF16A;
			productRefGroup = 6747FE7F1D9CDB16007AF16A /* Products */;
			projectDirPath = "";
			projectRoot = "";
			targets = (
				6747FE7D1D9CDB16007AF16A /* LinkTree */,
			);
		};
/* End PBXProject section */

/* Begin PBXSourcesBuildPhase section */
		6747FE7A1D9CDB16007AF16A /* Sources */ = {
			isa = PBXSourcesBuildPhase;
			buildActionMask = 2147483647;
			files = (
				6747FE8D1D9CE224007AF16A /* Node.cpp in Sources */,
				6747FE821D9CDB16007AF16A /* main.cpp in Sources */,
				6747FE8A1D9CDB3B007AF16A /* Tree.cpp in Sources */,
			);
			runOnlyForDeploymentPostprocessing = 0;
		};
/* End PBXSourcesBuildPhase section */

/* Begin XCBuildConfiguration section */
		6747FE831D9CDB16007AF16A /* Debug */ = {
			isa = XCBuildConfiguration;
			buildSettings = {
				ALWAYS_SEARCH_USER_PATHS = NO;
				CLANG_ANALYZER_NONNULL = YES;
				CLANG_CXX_LANGUAGE_STANDARD = "gnu++0x";
				CLANG_CXX_LIBRARY = "libc++";
				CLANG_ENABLE_MODULES = YES;
				CLANG_ENABLE_OBJC_ARC = YES;
				CLANG_WARN_BOOL_CONVERSION = YES;
				CLANG_WARN_CONSTANT_CONVERSION = YES;
				CLANG_WARN_DIRECT_OBJC_ISA_USAGE = YES_ERROR;
				CLANG_WARN_EMPTY_BODY = YES;
				CLANG_WARN_ENUM_CONVERSION = YES;
				CLANG_WARN_INT_CONVERSION = YES;
				CLANG_WARN_OBJC_ROOT_CLASS = YES_ERROR;
				CLANG_WARN_UNREACHABLE_CODE = YES;
				CLANG_WARN__DUPLICATE_METHOD_MATCH = YES;
				CODE_SIGN_IDENTITY = "-";
				COPY_PHASE_STRIP = NO;
				DEBUG_INFORMATION_FORMAT = dwarf;
				ENABLE_STRICT_OBJC_MSGSEND = YES;
				ENABLE_TESTABILITY = YES;
				GCC_C_LANGUAGE_STANDARD = gnu99;
				GCC_DYNAMIC_NO_PIC = NO;
				GCC_NO_COMMON_BLOCKS = YES;
				GCC_OPTIMIZATION_LEVEL = 0;
				GCC_PREPROCESSOR_DEFINITIONS = (
					"DEBUG=1",
					"$(inherited)",
				);
				GCC_WARN_64_TO_32_BIT_CONVERSION = YES;
				GCC_WARN_ABOUT_RETURN_TYPE = YES_ERROR;
				GCC_WARN_UNDECLARED_SELECTOR = YES;
				GCC_WARN_UNINITIALIZED_AUTOS = YES_AGGRESSIVE;
				GCC_WARN_UNUSED_FUNCTION = YES;
				GCC_WARN_UNUSED_VARIABLE = YES;
				MACOSX_DEPLOYMENT_TARGET = 10.11;
				MTL_ENABLE_DEBUG_INFO = YES;
				ONLY_ACTIVE_ARCH = YES;
				SDKROOT = macosx;
			};
			name = Debug;
		};
		6747FE841D9CDB16007AF16A /* Release */ = {
			isa = XCBuildConfiguration;
			buildSettings = {
				ALWAYS_SEARCH_USER_PATHS = NO;
				CLANG_ANALYZER_NONNULL = YES;
				CLANG_CXX_LANGUAGE_STANDARD = "gnu++0x";
				CLANG_CXX_LIBRARY = "libc++";
				CLANG_ENABLE_MODULES = YES;
				CLANG_ENABLE_OBJC_ARC = YES;
				CLANG_WARN_BOOL_CONVERSION = YES;
				CLANG_WARN_CONSTANT_CONVERSION = YES;
				CLANG_WARN_DIRECT_OBJC_ISA_USAGE = YES_ERROR;
				CLANG_WARN_EMPTY_BODY = YES;
				CLANG_WARN_ENUM_CONVERSION = YES;
				CLANG_WARN_INT_CONVERSION = YES;
				CLANG_WARN_OBJC_ROOT_CLASS = YES_ERROR;
				CLANG_WARN_UNREACHABLE_CODE = YES;
				CLANG_WARN__DUPLICATE_METHOD_MATCH = YES;
				CODE_SIGN_IDENTITY = "-";
				COPY_PHASE_STRIP = NO;
				DEBUG_INFORMATION_FORMAT = "dwarf-with-dsym";
				ENABLE_NS_ASSERTIONS = NO;
				ENABLE_STRICT_OBJC_MSGSEND = YES;
				GCC_C_LANGUAGE_STANDARD = gnu99;
				GCC_NO_COMMON_BLOCKS = YES;
				GCC_WARN_64_TO_32_BIT_CONVERSION = YES;
				GCC_WARN_ABOUT_RETURN_TYPE = YES_ERROR;
				GCC_WARN_UNDECLARED_SELECTOR = YES;
				GCC_WARN_UNINITIALIZED_AUTOS = YES_AGGRESSIVE;
				GCC_WARN_UNUSED_FUNCTION = YES;
				GCC_WARN_UNUSED_VARIABLE = YES;
				MACOSX_DEPLOYMENT_TARGET = 10.11;
				MTL_ENABLE_DEBUG_INFO = NO;
				SDKROOT = macosx;
			};
			name = Release;
		};
		6747FE861D9CDB16007AF16A /* Debug */ = {
			isa = XCBuildConfiguration;
			buildSettings = {
				PRODUCT_NAME = "$(TARGET_NAME)";
			};
			name = Debug;
		};
		6747FE871D9CDB16007AF16A /* Release */ = {
			isa = XCBuildConfiguration;
			buildSettings = {
				PRODUCT_NAME = "$(TARGET_NAME)";
			};
			name = Release;
		};
/* End XCBuildConfiguration section */

/* Begin XCConfigurationList section */
		6747FE791D9CDB16007AF16A /* Build configuration list for PBXProject "LinkTree" */ = {
			isa = XCConfigurationList;
			buildConfigurations = (
				6747FE831D9CDB16007AF16A /* Debug */,
				6747FE841D9CDB16007AF16A /* Release */,
			);
			defaultConfigurationIsVisible = 0;
			defaultConfigurationName = Release;
		};
		6747FE851D9CDB16007AF16A /* Build configuration list for PBXNativeTarget "LinkTree" */ = {
			isa = XCConfigurationList;
			buildConfigurations = (
				6747FE861D9CDB16007AF16A /* Debug */,
				6747FE871D9CDB16007AF16A /* Release */,
			);
			defaultConfigurationIsVisible = 0;
		};
/* End XCConfigurationList section */
	};
	rootObject = 6747FE761D9CDB16007AF16A /* Project object */;
}
